
Microsoft Visual Studio Solution File, Format Version 12.00
# Visual Studio Version 17
VisualStudioVersion = 17.11.35327.3
MinimumVisualStudioVersion = 10.0.40219.1
Project("{FAE04EC0-301F-11D3-BF4B-00C04F79EFBC}") = "LibraryManagementSystem.API", "LibraryManagementSystem.API\LibraryManagementSystem.API.csproj", "{9917B41A-A4E0-4B8B-B3CB-1CE5D98F44B3}"
EndProject
Project("{FAE04EC0-301F-11D3-BF4B-00C04F79EFBC}") = "LibraryManagementSystem.Core", "LibraryManagementSystem.Core\LibraryManagementSystem.Core.csproj", "{D87686FA-83F6-42D7-A86C-56CF67FDED68}"
EndProject
Project("{FAE04EC0-301F-11D3-BF4B-00C04F79EFBC}") = "LibraryManagementSystem.Infrastructure", "LibraryManagementSystem.Infrastructure\LibraryManagementSystem.Infrastructure.csproj", "{A3B38004-385E-452C-90B6-53F8E92F61DC}"
EndProject
Project("{FAE04EC0-301F-11D3-BF4B-00C04F79EFBC}") = "LibraryManagementSystem.UnitTests", "LibraryManagementSystem.Tests\LibraryManagementSystem.UnitTests.csproj", "{7E65FDD5-A859-4C64-8F3B-1BA6F294AB70}"
EndProject
Global
	GlobalSection(SolutionConfigurationPlatforms) = preSolution
		Debug|Any CPU = Debug|Any CPU
		Release|Any CPU = Release|Any CPU
	EndGlobalSection
	GlobalSection(ProjectConfigurationPlatforms) = postSolution
		{9917B41A-A4E0-4B8B-B3CB-1CE5D98F44B3}.Debug|Any CPU.ActiveCfg = Debug|Any CPU
		{9917B41A-A4E0-4B8B-B3CB-1CE5D98F44B3}.Debug|Any CPU.Build.0 = Debug|Any CPU
		{9917B41A-A4E0-4B8B-B3CB-1CE5D98F44B3}.Release|Any CPU.ActiveCfg = Release|Any CPU
		{9917B41A-A4E0-4B8B-B3CB-1CE5D98F44B3}.Release|Any CPU.Build.0 = Release|Any CPU
		{D87686FA-83F6-42D7-A86C-56CF67FDED68}.Debug|Any CPU.ActiveCfg = Debug|Any CPU
		{D87686FA-83F6-42D7-A86C-56CF67FDED68}.Debug|Any CPU.Build.0 = Debug|Any CPU
		{D87686FA-83F6-42D7-A86C-56CF67FDED68}.Release|Any CPU.ActiveCfg = Release|Any CPU
		{D87686FA-83F6-42D7-A86C-56CF67FDED68}.Release|Any CPU.Build.0 = Release|Any CPU
		{A3B38004-385E-452C-90B6-53F8E92F61DC}.Debug|Any CPU.ActiveCfg = Debug|Any CPU
		{A3B38004-385E-452C-90B6-53F8E92F61DC}.Debug|Any CPU.Build.0 = Debug|Any CPU
		{A3B38004-385E-452C-90B6-53F8E92F61DC}.Release|Any CPU.ActiveCfg = Release|Any CPU
		{A3B38004-385E-452C-90B6-53F8E92F61DC}.Release|Any CPU.Build.0 = Release|Any CPU
		{7E65FDD5-A859-4C64-8F3B-1BA6F294AB70}.Debug|Any CPU.ActiveCfg = Debug|Any CPU
		{7E65FDD5-A859-4C64-8F3B-1BA6F294AB70}.Debug|Any CPU.Build.0 = Debug|Any CPU
		{7E65FDD5-A859-4C64-8F3B-1BA6F294AB70}.Release|Any CPU.ActiveCfg = Release|Any CPU
		{7E65FDD5-A859-4C64-8F3B-1BA6F294AB70}.Release|Any CPU.Build.0 = Release|Any CPU
	EndGlobalSection
	GlobalSection(SolutionProperties) = preSolution
		HideSolutionNode = FALSE
	EndGlobalSection
	GlobalSection(ExtensibilityGlobals) = postSolution
		SolutionGuid = {B3074B67-5E5F-44FE-98BA-7504E24AF02D}
	EndGlobalSection
EndGlobal
